{
  "name": "env-consumption",
  "version": "1.0.0",
  "lockfileVersion": 1,
  "requires": true,
  "dependencies": {
    "@humanwhocodes/env": {
      "version": "2.1.3",
      "resolved": "https://registry.npmjs.org/@humanwhocodes/env/-/env-2.1.3.tgz",
      "integrity": "sha512-wPH7U3OqvlMaqeRXH4HqlKg8Ba/Uiyy6S1IKQlbxFb30spK6B+A7qbj7pJ5DwK5RR8xWzTQvOAAF2TkQnlTtmA=="
    },
    "typescript": {
      "version": "4.2.2",
      "resolved": "https://registry.npmjs.org/typescript/-/typescript-4.2.2.tgz",
      "integrity": "sha512-tbb+NVrLfnsJy3M59lsDgrzWIflR4d4TIUjz+heUnHZwdF7YsrMTKoRERiIvI2lvBG95dfpLxB21WZhys1bgaQ=="
    }
  }
}
